
Microsoft Visual Studio Solution File, Format Version 12.00
# Visual Studio Version 16
VisualStudioVersion = 16.0.30803.129
MinimumVisualStudioVersion = 10.0.40219.1
Project("{9A19103F-16F7-4668-BE54-9A1E7A4F7556}") = "AnimalCoutingDatabase.Api", "AnimalCoutingDatabase.Api\AnimalCoutingDatabase.Api.csproj", "{AAD0A5C4-5952-41F0-B62C-8ACDCD0629FE}"
EndProject
Project("{FAE04EC0-301F-11D3-BF4B-00C04F79EFBC}") = "AnimalCountingDatabase.Tests", "AnimalCountingDatabase.Tests\AnimalCountingDatabase.Tests.csproj", "{709087EF-4620-4AFA-A0AE-536A3F5BB91A}"
EndProject
Global
	GlobalSection(SolutionConfigurationPlatforms) = preSolution
		Debug|Any CPU = Debug|Any CPU
		Release|Any CPU = Release|Any CPU
	EndGlobalSection
	GlobalSection(ProjectConfigurationPlatforms) = postSolution
		{AAD0A5C4-5952-41F0-B62C-8ACDCD0629FE}.Debug|Any CPU.ActiveCfg = Debug|Any CPU
		{AAD0A5C4-5952-41F0-B62C-8ACDCD0629FE}.Debug|Any CPU.Build.0 = Debug|Any CPU
		{AAD0A5C4-5952-41F0-B62C-8ACDCD0629FE}.Release|Any CPU.ActiveCfg = Release|Any CPU
		{AAD0A5C4-5952-41F0-B62C-8ACDCD0629FE}.Release|Any CPU.Build.0 = Release|Any CPU
		{709087EF-4620-4AFA-A0AE-536A3F5BB91A}.Debug|Any CPU.ActiveCfg = Debug|Any CPU
		{709087EF-4620-4AFA-A0AE-536A3F5BB91A}.Debug|Any CPU.Build.0 = Debug|Any CPU
		{709087EF-4620-4AFA-A0AE-536A3F5BB91A}.Release|Any CPU.ActiveCfg = Release|Any CPU
		{709087EF-4620-4AFA-A0AE-536A3F5BB91A}.Release|Any CPU.Build.0 = Release|Any CPU
	EndGlobalSection
	GlobalSection(SolutionProperties) = preSolution
		HideSolutionNode = FALSE
	EndGlobalSection
	GlobalSection(ExtensibilityGlobals) = postSolution
		SolutionGuid = {C356A560-BBF8-4FC9-AE35-1C868A66F4DC}
	EndGlobalSection
EndGlobal
